github.com/BrentFarris/go-vulkan v0.0.0-20230724204532-1f799d97cd59 h1:35uDJ/IrZWdSkLp52GnecbYE/L8yPP85mMp1/nznU+A=
github.com/BrentFarris/go-vulkan v0.0.0-20230724204532-1f799d97cd59/go.mod h1:yBpZSdT/Eq4L/TKgZOPk6SHryrOI4WYBwPpozg7kS0Q=
github.com/KaijuEngine/yaegi v1.0.1 h1:SJy+rcD/WpEt5DbTsj816S9Ibo7na1B0SsV98RKeAw4=
github.com/KaijuEngine/yaegi v1.0.1/go.mod h1:KV+8UawtAJWqFdS1rzJMRoye3FvKtz+ArARQLIxUe0Y=
