github.com/KaijuEngine/uuid v1.0.0 h1:stU4x/RCdAg9lPEok4tSceSCIVnqMzCmZqNlJoDEILY=
github.com/KaijuEngine/uuid v1.0.0/go.mod h1:fcM8WxoZFTJ8veHGJj9ZakpnENMy/LDN3oJ/zDo9xRo=
github.com/tdewolff/parse/v2 v2.8.1 h1:J5GSHru6o3jF1uLlEKVXkDxxcVx6yzOlIVIotK4w2po=
github.com/tdewolff/parse/v2 v2.8.1/go.mod h1:Hwlni2tiVNKyzR1o6nUs4FOF07URA+JLBLd6dlIXYqo=
github.com/tdewolff/test v1.0.11 h1:FdLbwQVHxqG16SlkGveC0JVyrJN62COWTRyUFzfbtBE=
github.com/tdewolff/test v1.0.11/go.mod h1:XPuWBzvdUzhCuxWO1ojpXsyzsA5bFoS3tO/Q3kFuTG8=
golang.design/x/clipboard v0.7.1 h1:OEG3CmcYRBNnRwpDp7+uWLiZi3hrMRJpE9JkkkYtz2c=
golang.design/x/clipboard v0.7.1/go.mod h1:i5SiIqj0wLFw9P/1D7vfILFK0KHMk7ydE72HRrUIgkg=
golang.org/x/exp/shiny v0.0.0-20250819193227-8b4c13bb791b h1:OeyDhfAaNf4u4sBKDtc4k1iKGYngpGDa1L/1Ch049HA=
golang.org/x/exp/shiny v0.0.0-20250819193227-8b4c13bb791b/go.mod h1:QnFR+evpZFrYgSiu+d/Rn6g/6bNqLQTp+rzKaVpFoeI=
golang.org/x/image v0.30.0 h1:jD5RhkmVAnjqaCUXfbGBrn3lpxbknfN9w2UhHHU+5B4=
golang.org/x/image v0.30.0/go.mod h1:SAEUTxCCMWSrJcCy/4HwavEsfZZJlYxeHLc6tTiAe/c=
golang.org/x/mobile v0.0.0-20250813145510-f12310a0cfd9 h1:tf0OY/FXi1sPkoNVKP4w+GStqIfqbFUqDoDDm4B+iCg=
golang.org/x/mobile v0.0.0-20250813145510-f12310a0cfd9/go.mod h1:wNiuiJfmmgv45sw8EHpNeVWqpxLeEwQ8bkUIhuOYUh8=
golang.org/x/net v0.47.0 h1:Mx+4dIFzqraBXUugkia1OOvlD6LemFo1ALMHjrXDOhY=
golang.org/x/net v0.47.0/go.mod h1:/jNxtkgq5yWUGYkaZGqo27cfGZ1c5Nen03aYrrKpVRU=
golang.org/x/sys v0.38.0 h1:3yZWxaJjBmCWXqhN1qh02AkOnCQ1poK6oF+a7xWL6Gc=
golang.org/x/sys v0.38.0/go.mod h1:OgkHotnGiDImocRcuBABYBEXf8A9a87e/uXjp9XT3ks=
golang.org/x/text v0.31.0 h1:aC8ghyu4JhP8VojJ2lEHBnochRno1sgL6nEi9WGFGMM=
golang.org/x/text v0.31.0/go.mod h1:tKRAlv61yKIjGGHX/4tP1LTbc13YSec1pxVEWXzfoeM=
