github.com/KaijuEngine/go-vulkan v1.0.0 h1:7w3aUCkcHuy6W6RCV9uaJ+0U66cLGdJjqJxEyU3rnmw=
github.com/KaijuEngine/go-vulkan v1.0.0/go.mod h1:yAksUOuzGMiWjodB8M8/9d9d6GtgMnhOVaGUB5di5sM=
github.com/KaijuEngine/go-vulkan v1.0.1 h1:Ws46ih1WmYyeRVMqgEOsD5w7CGut5hmyf4Y39crQ6kk=
github.com/KaijuEngine/go-vulkan v1.0.1/go.mod h1:yAksUOuzGMiWjodB8M8/9d9d6GtgMnhOVaGUB5di5sM=
github.com/KaijuEngine/yaegi v1.0.1 h1:SJy+rcD/WpEt5DbTsj816S9Ibo7na1B0SsV98RKeAw4=
github.com/KaijuEngine/yaegi v1.0.1/go.mod h1:KV+8UawtAJWqFdS1rzJMRoye3FvKtz+ArARQLIxUe0Y=
